
Microsoft Visual Studio Solution File, Format Version 12.00
# Visual Studio Version 16
VisualStudioVersion = 16.0.31613.86
MinimumVisualStudioVersion = 10.0.40219.1
Project("{FAE04EC0-301F-11D3-BF4B-00C04F79EFBC}") = "MeteoBlueWrapper.UI", "MeteoBlueWrapper.UI\MeteoBlueWrapper.UI.csproj", "{3CFBBD5E-42BA-4A3E-BCF6-9D1914E4711B}"
EndProject
Global
	GlobalSection(SolutionConfigurationPlatforms) = preSolution
		Debug|Any CPU = Debug|Any CPU
		Release|Any CPU = Release|Any CPU
	EndGlobalSection
	GlobalSection(ProjectConfigurationPlatforms) = postSolution
		{3CFBBD5E-42BA-4A3E-BCF6-9D1914E4711B}.Debug|Any CPU.ActiveCfg = Debug|Any CPU
		{3CFBBD5E-42BA-4A3E-BCF6-9D1914E4711B}.Debug|Any CPU.Build.0 = Debug|Any CPU
		{3CFBBD5E-42BA-4A3E-BCF6-9D1914E4711B}.Release|Any CPU.ActiveCfg = Release|Any CPU
		{3CFBBD5E-42BA-4A3E-BCF6-9D1914E4711B}.Release|Any CPU.Build.0 = Release|Any CPU
	EndGlobalSection
	GlobalSection(SolutionProperties) = preSolution
		HideSolutionNode = FALSE
	EndGlobalSection
	GlobalSection(ExtensibilityGlobals) = postSolution
		SolutionGuid = {CF94EA49-74EA-481D-9B86-EF5CD553F65E}
	EndGlobalSection
EndGlobal
